
Microsoft Visual Studio Solution File, Format Version 12.00
# Visual Studio Version 16
VisualStudioVersion = 16.0.30002.166
MinimumVisualStudioVersion = 10.0.40219.1
Project("{FAE04EC0-301F-11D3-BF4B-00C04F79EFBC}") = "Caesar", "Caesar\Caesar.csproj", "{D83CA589-9965-4BFD-B98F-B2D8CBC4FBFC}"
EndProject
Global
	GlobalSection(SolutionConfigurationPlatforms) = preSolution
		Debug|Any CPU = Debug|Any CPU
		Release|Any CPU = Release|Any CPU
	EndGlobalSection
	GlobalSection(ProjectConfigurationPlatforms) = postSolution
		{D83CA589-9965-4BFD-B98F-B2D8CBC4FBFC}.Debug|Any CPU.ActiveCfg = Debug|Any CPU
		{D83CA589-9965-4BFD-B98F-B2D8CBC4FBFC}.Debug|Any CPU.Build.0 = Debug|Any CPU
		{D83CA589-9965-4BFD-B98F-B2D8CBC4FBFC}.Release|Any CPU.ActiveCfg = Release|Any CPU
		{D83CA589-9965-4BFD-B98F-B2D8CBC4FBFC}.Release|Any CPU.Build.0 = Release|Any CPU
	EndGlobalSection
	GlobalSection(SolutionProperties) = preSolution
		HideSolutionNode = FALSE
	EndGlobalSection
	GlobalSection(ExtensibilityGlobals) = postSolution
		SolutionGuid = {EE601B78-88E5-4443-8824-669EAEC86D8A}
	EndGlobalSection
EndGlobal
